
Microsoft Visual Studio Solution File, Format Version 11.00
# Visual Studio 2010
Project("{FAE04EC0-301F-11D3-BF4B-00C04F79EFBC}") = "HR-NBTC", "HR-NBTC\HR-NBTC.csproj", "{607650F6-D872-4A98-86F9-27F7B7026C2F}"
EndProject
Global
	GlobalSection(SolutionConfigurationPlatforms) = preSolution
		Debug|Any CPU = Debug|Any CPU
		Release|Any CPU = Release|Any CPU
	EndGlobalSection
	GlobalSection(ProjectConfigurationPlatforms) = postSolution
		{607650F6-D872-4A98-86F9-27F7B7026C2F}.Debug|Any CPU.ActiveCfg = Debug|Any CPU
		{607650F6-D872-4A98-86F9-27F7B7026C2F}.Debug|Any CPU.Build.0 = Debug|Any CPU
		{607650F6-D872-4A98-86F9-27F7B7026C2F}.Release|Any CPU.ActiveCfg = Release|Any CPU
		{607650F6-D872-4A98-86F9-27F7B7026C2F}.Release|Any CPU.Build.0 = Release|Any CPU
	EndGlobalSection
	GlobalSection(SolutionProperties) = preSolution
		HideSolutionNode = FALSE
	EndGlobalSection
EndGlobal
